
Microsoft Visual Studio Solution File, Format Version 12.00
# Visual Studio Version 16
VisualStudioVersion = 16.0.31624.102
MinimumVisualStudioVersion = 10.0.40219.1
Project("{FAE04EC0-301F-11D3-BF4B-00C04F79EFBC}") = "TesteNBW", "TesteNBW\TesteNBW.csproj", "{9C786542-0CAA-4E23-AC03-DF1BD5E0D3A6}"
EndProject
Global
	GlobalSection(SolutionConfigurationPlatforms) = preSolution
		Debug|Any CPU = Debug|Any CPU
		Release|Any CPU = Release|Any CPU
	EndGlobalSection
	GlobalSection(ProjectConfigurationPlatforms) = postSolution
		{9C786542-0CAA-4E23-AC03-DF1BD5E0D3A6}.Debug|Any CPU.ActiveCfg = Debug|Any CPU
		{9C786542-0CAA-4E23-AC03-DF1BD5E0D3A6}.Debug|Any CPU.Build.0 = Debug|Any CPU
		{9C786542-0CAA-4E23-AC03-DF1BD5E0D3A6}.Release|Any CPU.ActiveCfg = Release|Any CPU
		{9C786542-0CAA-4E23-AC03-DF1BD5E0D3A6}.Release|Any CPU.Build.0 = Release|Any CPU
	EndGlobalSection
	GlobalSection(SolutionProperties) = preSolution
		HideSolutionNode = FALSE
	EndGlobalSection
	GlobalSection(ExtensibilityGlobals) = postSolution
		SolutionGuid = {058C3F69-AD2F-4FD1-8C32-251D02122B89}
	EndGlobalSection
EndGlobal
